
Microsoft Visual Studio Solution File, Format Version 12.00
# Visual Studio Version 17
VisualStudioVersion = 17.2.32630.192
MinimumVisualStudioVersion = 10.0.40219.1
Project("{FAE04EC0-301F-11D3-BF4B-00C04F79EFBC}") = "FirstApp", "FirstApp.csproj", "{6AFB8BE7-7DE2-442F-9292-05A545818AF9}"
EndProject
Global
	GlobalSection(SolutionConfigurationPlatforms) = preSolution
		Debug|Any CPU = Debug|Any CPU
		Release|Any CPU = Release|Any CPU
	EndGlobalSection
	GlobalSection(ProjectConfigurationPlatforms) = postSolution
		{6AFB8BE7-7DE2-442F-9292-05A545818AF9}.Debug|Any CPU.ActiveCfg = Debug|Any CPU
		{6AFB8BE7-7DE2-442F-9292-05A545818AF9}.Debug|Any CPU.Build.0 = Debug|Any CPU
		{6AFB8BE7-7DE2-442F-9292-05A545818AF9}.Release|Any CPU.ActiveCfg = Release|Any CPU
		{6AFB8BE7-7DE2-442F-9292-05A545818AF9}.Release|Any CPU.Build.0 = Release|Any CPU
	EndGlobalSection
	GlobalSection(SolutionProperties) = preSolution
		HideSolutionNode = FALSE
	EndGlobalSection
	GlobalSection(ExtensibilityGlobals) = postSolution
		SolutionGuid = {BB38FBA6-31AB-497B-997E-2DC3EC46F992}
	EndGlobalSection
EndGlobal
